
Microsoft Visual Studio Solution File, Format Version 12.00
# Visual Studio Version 17
VisualStudioVersion = 17.0.31903.59
MinimumVisualStudioVersion = 10.0.40219.1
Project("{2150E333-8FDC-42A3-9474-1A3956D46DE8}") = "src", "src", "{827E0CD3-B72D-47B6-A68D-7590B98EB39B}"
EndProject
Project("{FAE04EC0-301F-11D3-BF4B-00C04F79EFBC}") = "ECommerce.Domain", "src\ECommerce.Domain\ECommerce.Domain.csproj", "{9727F0CE-0E65-4900-B1BB-EF8EE6A8E1DF}"
EndProject
Project("{FAE04EC0-301F-11D3-BF4B-00C04F79EFBC}") = "ECommerce.Application", "src\ECommerce.Application\ECommerce.Application.csproj", "{E38C6A76-2E3D-41C9-BE58-D6FEDCB4B279}"
EndProject
Project("{FAE04EC0-301F-11D3-BF4B-00C04F79EFBC}") = "ECommerce.Infrastructure", "src\ECommerce.Infrastructure\ECommerce.Infrastructure.csproj", "{8B29A2A8-A4CC-42E1-AD50-40CED126102B}"
EndProject
Project("{FAE04EC0-301F-11D3-BF4B-00C04F79EFBC}") = "ECommerce.API", "src\ECommerce.API\ECommerce.API.csproj", "{BFB119B7-C6FD-4B45-AACE-353008CD08FF}"
EndProject
Global
	GlobalSection(SolutionConfigurationPlatforms) = preSolution
		Debug|Any CPU = Debug|Any CPU
		Debug|x64 = Debug|x64
		Debug|x86 = Debug|x86
		Release|Any CPU = Release|Any CPU
		Release|x64 = Release|x64
		Release|x86 = Release|x86
	EndGlobalSection
	GlobalSection(ProjectConfigurationPlatforms) = postSolution
		{9727F0CE-0E65-4900-B1BB-EF8EE6A8E1DF}.Debug|Any CPU.ActiveCfg = Debug|Any CPU
		{9727F0CE-0E65-4900-B1BB-EF8EE6A8E1DF}.Debug|Any CPU.Build.0 = Debug|Any CPU
		{9727F0CE-0E65-4900-B1BB-EF8EE6A8E1DF}.Debug|x64.ActiveCfg = Debug|Any CPU
		{9727F0CE-0E65-4900-B1BB-EF8EE6A8E1DF}.Debug|x64.Build.0 = Debug|Any CPU
		{9727F0CE-0E65-4900-B1BB-EF8EE6A8E1DF}.Debug|x86.ActiveCfg = Debug|Any CPU
		{9727F0CE-0E65-4900-B1BB-EF8EE6A8E1DF}.Debug|x86.Build.0 = Debug|Any CPU
		{9727F0CE-0E65-4900-B1BB-EF8EE6A8E1DF}.Release|Any CPU.ActiveCfg = Release|Any CPU
		{9727F0CE-0E65-4900-B1BB-EF8EE6A8E1DF}.Release|Any CPU.Build.0 = Release|Any CPU
		{9727F0CE-0E65-4900-B1BB-EF8EE6A8E1DF}.Release|x64.ActiveCfg = Release|Any CPU
		{9727F0CE-0E65-4900-B1BB-EF8EE6A8E1DF}.Release|x64.Build.0 = Release|Any CPU
		{9727F0CE-0E65-4900-B1BB-EF8EE6A8E1DF}.Release|x86.ActiveCfg = Release|Any CPU
		{9727F0CE-0E65-4900-B1BB-EF8EE6A8E1DF}.Release|x86.Build.0 = Release|Any CPU
		{E38C6A76-2E3D-41C9-BE58-D6FEDCB4B279}.Debug|Any CPU.ActiveCfg = Debug|Any CPU
		{E38C6A76-2E3D-41C9-BE58-D6FEDCB4B279}.Debug|Any CPU.Build.0 = Debug|Any CPU
		{E38C6A76-2E3D-41C9-BE58-D6FEDCB4B279}.Debug|x64.ActiveCfg = Debug|Any CPU
		{E38C6A76-2E3D-41C9-BE58-D6FEDCB4B279}.Debug|x64.Build.0 = Debug|Any CPU
		{E38C6A76-2E3D-41C9-BE58-D6FEDCB4B279}.Debug|x86.ActiveCfg = Debug|Any CPU
		{E38C6A76-2E3D-41C9-BE58-D6FEDCB4B279}.Debug|x86.Build.0 = Debug|Any CPU
		{E38C6A76-2E3D-41C9-BE58-D6FEDCB4B279}.Release|Any CPU.ActiveCfg = Release|Any CPU
		{E38C6A76-2E3D-41C9-BE58-D6FEDCB4B279}.Release|Any CPU.Build.0 = Release|Any CPU
		{E38C6A76-2E3D-41C9-BE58-D6FEDCB4B279}.Release|x64.ActiveCfg = Release|Any CPU
		{E38C6A76-2E3D-41C9-BE58-D6FEDCB4B279}.Release|x64.Build.0 = Release|Any CPU
		{E38C6A76-2E3D-41C9-BE58-D6FEDCB4B279}.Release|x86.ActiveCfg = Release|Any CPU
		{E38C6A76-2E3D-41C9-BE58-D6FEDCB4B279}.Release|x86.Build.0 = Release|Any CPU
		{8B29A2A8-A4CC-42E1-AD50-40CED126102B}.Debug|Any CPU.ActiveCfg = Debug|Any CPU
		{8B29A2A8-A4CC-42E1-AD50-40CED126102B}.Debug|Any CPU.Build.0 = Debug|Any CPU
		{8B29A2A8-A4CC-42E1-AD50-40CED126102B}.Debug|x64.ActiveCfg = Debug|Any CPU
		{8B29A2A8-A4CC-42E1-AD50-40CED126102B}.Debug|x64.Build.0 = Debug|Any CPU
		{8B29A2A8-A4CC-42E1-AD50-40CED126102B}.Debug|x86.ActiveCfg = Debug|Any CPU
		{8B29A2A8-A4CC-42E1-AD50-40CED126102B}.Debug|x86.Build.0 = Debug|Any CPU
		{8B29A2A8-A4CC-42E1-AD50-40CED126102B}.Release|Any CPU.ActiveCfg = Release|Any CPU
		{8B29A2A8-A4CC-42E1-AD50-40CED126102B}.Release|Any CPU.Build.0 = Release|Any CPU
		{8B29A2A8-A4CC-42E1-AD50-40CED126102B}.Release|x64.ActiveCfg = Release|Any CPU
		{8B29A2A8-A4CC-42E1-AD50-40CED126102B}.Release|x64.Build.0 = Release|Any CPU
		{8B29A2A8-A4CC-42E1-AD50-40CED126102B}.Release|x86.ActiveCfg = Release|Any CPU
		{8B29A2A8-A4CC-42E1-AD50-40CED126102B}.Release|x86.Build.0 = Release|Any CPU
		{BFB119B7-C6FD-4B45-AACE-353008CD08FF}.Debug|Any CPU.ActiveCfg = Debug|Any CPU
		{BFB119B7-C6FD-4B45-AACE-353008CD08FF}.Debug|Any CPU.Build.0 = Debug|Any CPU
		{BFB119B7-C6FD-4B45-AACE-353008CD08FF}.Debug|x64.ActiveCfg = Debug|Any CPU
		{BFB119B7-C6FD-4B45-AACE-353008CD08FF}.Debug|x64.Build.0 = Debug|Any CPU
		{BFB119B7-C6FD-4B45-AACE-353008CD08FF}.Debug|x86.ActiveCfg = Debug|Any CPU
		{BFB119B7-C6FD-4B45-AACE-353008CD08FF}.Debug|x86.Build.0 = Debug|Any CPU
		{BFB119B7-C6FD-4B45-AACE-353008CD08FF}.Release|Any CPU.ActiveCfg = Release|Any CPU
		{BFB119B7-C6FD-4B45-AACE-353008CD08FF}.Release|Any CPU.Build.0 = Release|Any CPU
		{BFB119B7-C6FD-4B45-AACE-353008CD08FF}.Release|x64.ActiveCfg = Release|Any CPU
		{BFB119B7-C6FD-4B45-AACE-353008CD08FF}.Release|x64.Build.0 = Release|Any CPU
		{BFB119B7-C6FD-4B45-AACE-353008CD08FF}.Release|x86.ActiveCfg = Release|Any CPU
		{BFB119B7-C6FD-4B45-AACE-353008CD08FF}.Release|x86.Build.0 = Release|Any CPU
	EndGlobalSection
	GlobalSection(SolutionProperties) = preSolution
		HideSolutionNode = FALSE
	EndGlobalSection
	GlobalSection(NestedProjects) = preSolution
		{9727F0CE-0E65-4900-B1BB-EF8EE6A8E1DF} = {827E0CD3-B72D-47B6-A68D-7590B98EB39B}
		{E38C6A76-2E3D-41C9-BE58-D6FEDCB4B279} = {827E0CD3-B72D-47B6-A68D-7590B98EB39B}
		{8B29A2A8-A4CC-42E1-AD50-40CED126102B} = {827E0CD3-B72D-47B6-A68D-7590B98EB39B}
		{BFB119B7-C6FD-4B45-AACE-353008CD08FF} = {827E0CD3-B72D-47B6-A68D-7590B98EB39B}
	EndGlobalSection
EndGlobal
